
Microsoft Visual Studio Solution File, Format Version 12.00
# Visual Studio Version 16
VisualStudioVersion = 16.0.29503.13
MinimumVisualStudioVersion = 10.0.40219.1
Project("{FAE04EC0-301F-11D3-BF4B-00C04F79EFBC}") = "DesignPaterns", "DesignPaterns\DesignPaterns.csproj", "{D545E3EB-2C82-40C0-8364-A6679B79E694}"
EndProject
Global
	GlobalSection(SolutionConfigurationPlatforms) = preSolution
		Debug|Any CPU = Debug|Any CPU
		Release|Any CPU = Release|Any CPU
	EndGlobalSection
	GlobalSection(ProjectConfigurationPlatforms) = postSolution
		{D545E3EB-2C82-40C0-8364-A6679B79E694}.Debug|Any CPU.ActiveCfg = Debug|Any CPU
		{D545E3EB-2C82-40C0-8364-A6679B79E694}.Debug|Any CPU.Build.0 = Debug|Any CPU
		{D545E3EB-2C82-40C0-8364-A6679B79E694}.Release|Any CPU.ActiveCfg = Release|Any CPU
		{D545E3EB-2C82-40C0-8364-A6679B79E694}.Release|Any CPU.Build.0 = Release|Any CPU
	EndGlobalSection
	GlobalSection(SolutionProperties) = preSolution
		HideSolutionNode = FALSE
	EndGlobalSection
	GlobalSection(ExtensibilityGlobals) = postSolution
		SolutionGuid = {EF8E0040-2D37-4528-968D-38468B81BD75}
	EndGlobalSection
EndGlobal
